importers:
  .:
    devDependencies:
      bs-platform: 6.2.1
    specifiers:
      bs-platform: 6.2.1
lockfileVersion: 5.1
packages:
  /bs-platform/6.2.1:
    dev: true
    hasBin: true
    requiresBuild: true
    resolution:
      integrity: sha512-FmQ8kYV52A0Y302qh6o0/J9TO+kHzsjGQnsjrg/ONUYIY/jWzBnt9dCBO6EBnaEKfFJLqk5JrUDCxuihqtTcnw==
