importers:
  .:
    devDependencies:
      bs-platform: 7.3.2
    specifiers:
      bs-platform: 7.3.2
lockfileVersion: 5.1
packages:
  /bs-platform/7.3.2:
    dev: true
    hasBin: true
    requiresBuild: true
    resolution:
      integrity: sha512-seJL5g4anK9la4erv+B2o2sMHQCxDF6OCRl9en3hbaUos/S3JsusQ0sPp4ORsbx5eXfHLYBwPljwKXlgpXtsgQ==
